
Microsoft Visual Studio Solution File, Format Version 12.00
# Visual Studio Version 17
VisualStudioVersion = 17.14.36212.18
MinimumVisualStudioVersion = 10.0.40219.1
Project("{FAE04EC0-301F-11D3-BF4B-00C04F79EFBC}") = "UniPortal", "UniPortal\UniPortal.csproj", "{0E48C2D1-F4E7-4FB1-B97B-0E80A3C22177}"
EndProject
Global
	GlobalSection(SolutionConfigurationPlatforms) = preSolution
		Debug|Any CPU = Debug|Any CPU
		Release|Any CPU = Release|Any CPU
	EndGlobalSection
	GlobalSection(ProjectConfigurationPlatforms) = postSolution
		{0E48C2D1-F4E7-4FB1-B97B-0E80A3C22177}.Debug|Any CPU.ActiveCfg = Debug|Any CPU
		{0E48C2D1-F4E7-4FB1-B97B-0E80A3C22177}.Debug|Any CPU.Build.0 = Debug|Any CPU
		{0E48C2D1-F4E7-4FB1-B97B-0E80A3C22177}.Release|Any CPU.ActiveCfg = Release|Any CPU
		{0E48C2D1-F4E7-4FB1-B97B-0E80A3C22177}.Release|Any CPU.Build.0 = Release|Any CPU
	EndGlobalSection
	GlobalSection(SolutionProperties) = preSolution
		HideSolutionNode = FALSE
	EndGlobalSection
	GlobalSection(ExtensibilityGlobals) = postSolution
		SolutionGuid = {606E62F6-F3EA-42B6-8958-6400511A6726}
	EndGlobalSection
EndGlobal
